
Microsoft Visual Studio Solution File, Format Version 12.00
# Visual Studio 14
VisualStudioVersion = 14.0.22823.1
MinimumVisualStudioVersion = 10.0.40219.1
Project("{FAE04EC0-301F-11D3-BF4B-00C04F79EFBC}") = "ItzWarty.Commons", "ItzWarty.Commons.csproj", "{097B6B08-4034-408A-B3C0-A12E8F9E8893}"
EndProject
Project("{FAE04EC0-301F-11D3-BF4B-00C04F79EFBC}") = "ItzWarty.Commons.Tests", "Tests\ItzWarty.Commons.Tests.csproj", "{01EDE772-8555-41B9-8627-6CBC25987940}"
EndProject
Project("{FAE04EC0-301F-11D3-BF4B-00C04F79EFBC}") = "Dargon.Ryu.Impl", "..\Dargon.Ryu\Dargon.Ryu.Impl\Dargon.Ryu.Impl.csproj", "{2ED5C703-8A91-4701-9AE9-DA86AA93A169}"
EndProject
Global
	GlobalSection(SolutionConfigurationPlatforms) = preSolution
		Debug|Any CPU = Debug|Any CPU
		Release|Any CPU = Release|Any CPU
	EndGlobalSection
	GlobalSection(ProjectConfigurationPlatforms) = postSolution
		{097B6B08-4034-408A-B3C0-A12E8F9E8893}.Debug|Any CPU.ActiveCfg = Debug|Any CPU
		{097B6B08-4034-408A-B3C0-A12E8F9E8893}.Debug|Any CPU.Build.0 = Debug|Any CPU
		{097B6B08-4034-408A-B3C0-A12E8F9E8893}.Release|Any CPU.ActiveCfg = Release|Any CPU
		{097B6B08-4034-408A-B3C0-A12E8F9E8893}.Release|Any CPU.Build.0 = Release|Any CPU
		{01EDE772-8555-41B9-8627-6CBC25987940}.Debug|Any CPU.ActiveCfg = Debug|Any CPU
		{01EDE772-8555-41B9-8627-6CBC25987940}.Debug|Any CPU.Build.0 = Debug|Any CPU
		{01EDE772-8555-41B9-8627-6CBC25987940}.Release|Any CPU.ActiveCfg = Release|Any CPU
		{01EDE772-8555-41B9-8627-6CBC25987940}.Release|Any CPU.Build.0 = Release|Any CPU
		{2ED5C703-8A91-4701-9AE9-DA86AA93A169}.Debug|Any CPU.ActiveCfg = Debug|Any CPU
		{2ED5C703-8A91-4701-9AE9-DA86AA93A169}.Debug|Any CPU.Build.0 = Debug|Any CPU
		{2ED5C703-8A91-4701-9AE9-DA86AA93A169}.Release|Any CPU.ActiveCfg = Release|Any CPU
		{2ED5C703-8A91-4701-9AE9-DA86AA93A169}.Release|Any CPU.Build.0 = Release|Any CPU
	EndGlobalSection
	GlobalSection(SolutionProperties) = preSolution
		HideSolutionNode = FALSE
	EndGlobalSection
EndGlobal
